// !$*UTF8*$!
{
	archiveVersion = 1;
	classes = {
	};
	objectVersion = 46;
	objects = {

/* Begin PBXBuildFile section */
		420C2B9F192A728000B344F2 /* TEDStorageService.m in Sources */ = {isa = PBXBuildFile; fileRef = 420C2B9E192A728000B344F2 /* TEDStorageService.m */; };
		420C2BA1192A780500B344F2 /* TEDStorageServiceTests.m in Sources */ = {isa = PBXBuildFile; fileRef = 420C2BA0192A780500B344F2 /* TEDStorageServiceTests.m */; };
		420C2BA5192A962400B344F2 /* TEDSpeaker.m in Sources */ = {isa = PBXBuildFile; fileRef = 420C2BA4192A962400B344F2 /* TEDSpeaker.m */; };
		420C2BA8192A962500B344F2 /* TEDEvent.m in Sources */ = {isa = PBXBuildFile; fileRef = 420C2BA7192A962500B344F2 /* TEDEvent.m */; };
		4212D40819003737007FC522 /* TEDAgendaDataSource.m in Sources */ = {isa = PBXBuildFile; fileRef = 4212D40619003737007FC522 /* TEDAgendaDataSource.m */; };
		4212D40B1900374A007FC522 /* TEDSpeakersDataSource.m in Sources */ = {isa = PBXBuildFile; fileRef = 4212D40A1900374A007FC522 /* TEDSpeakersDataSource.m */; };
		4212D410190038BF007FC522 /* TEDCoreDataManager.m in Sources */ = {isa = PBXBuildFile; fileRef = 4212D40F190038BF007FC522 /* TEDCoreDataManager.m */; };
		4212D41619003FFC007FC522 /* TEDTalkTableViewCell.m in Sources */ = {isa = PBXBuildFile; fileRef = 4212D41419003FFC007FC522 /* TEDTalkTableViewCell.m */; };
		4212D41719003FFC007FC522 /* TEDTalkTableViewCell.xib in Resources */ = {isa = PBXBuildFile; fileRef = 4212D41519003FFC007FC522 /* TEDTalkTableViewCell.xib */; };
		4212D41B1900403F007FC522 /* TEDSpeakersTableViewCell.m in Sources */ = {isa = PBXBuildFile; fileRef = 4212D4191900403F007FC522 /* TEDSpeakersTableViewCell.m */; };
		4212D41C1900403F007FC522 /* TEDSpeakersTableViewCell.xib in Resources */ = {isa = PBXBuildFile; fileRef = 4212D41A1900403F007FC522 /* TEDSpeakersTableViewCell.xib */; };
		4239DCF21935039300DCB146 /* TEDTalk.m in Sources */ = {isa = PBXBuildFile; fileRef = 4239DCF11935039300DCB146 /* TEDTalk.m */; };
		4239DCF51935055100DCB146 /* TEDImageDownloader.m in Sources */ = {isa = PBXBuildFile; fileRef = 4239DCF41935055100DCB146 /* TEDImageDownloader.m */; };
		42769BF91965C02600A4BCD8 /* TEDSpeakerProfileDataSource.m in Sources */ = {isa = PBXBuildFile; fileRef = 42769BF81965C02600A4BCD8 /* TEDSpeakerProfileDataSource.m */; };
		42769BFD1965D39300A4BCD8 /* TEDSpeakerProfileNameAndPhotoTableViewCell.m in Sources */ = {isa = PBXBuildFile; fileRef = 42769BFB1965D39200A4BCD8 /* TEDSpeakerProfileNameAndPhotoTableViewCell.m */; };
		42769BFE1965D39300A4BCD8 /* TEDSpeakerProfileNameAndPhotoTableViewCell.xib in Resources */ = {isa = PBXBuildFile; fileRef = 42769BFC1965D39300A4BCD8 /* TEDSpeakerProfileNameAndPhotoTableViewCell.xib */; };
		42B7511018EC99B90058CB90 /* TEDAgendaTableViewController.m in Sources */ = {isa = PBXBuildFile; fileRef = 42B7510B18EC99B90058CB90 /* TEDAgendaTableViewController.m */; };
		42B7511118EC99B90058CB90 /* TEDTalkViewController.m in Sources */ = {isa = PBXBuildFile; fileRef = 42B7510E18EC99B90058CB90 /* TEDTalkViewController.m */; };
		42C97D3219098F1D009C6BA9 /* TEDSession.m in Sources */ = {isa = PBXBuildFile; fileRef = 42C97D3119098F1D009C6BA9 /* TEDSession.m */; };
		42C97D3B1909910E009C6BA9 /* TEDEventTests.m in Sources */ = {isa = PBXBuildFile; fileRef = 42C97D3A1909910E009C6BA9 /* TEDEventTests.m */; };
		42C97D3E19099140009C6BA9 /* TEDCoreDataTestsHelper.m in Sources */ = {isa = PBXBuildFile; fileRef = 42C97D3D19099140009C6BA9 /* TEDCoreDataTestsHelper.m */; };
		42C97D43190A3A06009C6BA9 /* TEDSpeakerTests.m in Sources */ = {isa = PBXBuildFile; fileRef = 42C97D42190A3A06009C6BA9 /* TEDSpeakerTests.m */; };
		42E0634F1965D83D00CD3C79 /* TEDSpeakerProfileDescriptionTableViewCell.m in Sources */ = {isa = PBXBuildFile; fileRef = 42E0634D1965D83D00CD3C79 /* TEDSpeakerProfileDescriptionTableViewCell.m */; };
		42E063501965D83D00CD3C79 /* TEDSpeakerProfileDescriptionTableViewCell.xib in Resources */ = {isa = PBXBuildFile; fileRef = 42E0634E1965D83D00CD3C79 /* TEDSpeakerProfileDescriptionTableViewCell.xib */; };
		42E063541965DA2B00CD3C79 /* TEDSpeakerProfileContactDetailTableViewCell.m in Sources */ = {isa = PBXBuildFile; fileRef = 42E063521965DA2B00CD3C79 /* TEDSpeakerProfileContactDetailTableViewCell.m */; };
		42E063551965DA2B00CD3C79 /* TEDSpeakerProfileContactDetailTableViewCell.xib in Resources */ = {isa = PBXBuildFile; fileRef = 42E063531965DA2B00CD3C79 /* TEDSpeakerProfileContactDetailTableViewCell.xib */; };
		CF392ED6192136B60066F0C5 /* TEDContentImporter.m in Sources */ = {isa = PBXBuildFile; fileRef = CF392ED5192136B60066F0C5 /* TEDContentImporter.m */; };
		CF392ED91921377F0066F0C5 /* TEDContentImporterTests.m in Sources */ = {isa = PBXBuildFile; fileRef = CF392ED81921377F0066F0C5 /* TEDContentImporterTests.m */; };
		CF392EDC192140A90066F0C5 /* TEDApplicationConfiguration.m in Sources */ = {isa = PBXBuildFile; fileRef = CF392EDB192140A90066F0C5 /* TEDApplicationConfiguration.m */; };
		CF392EF619217B590066F0C5 /* TEDSpeaker+Additions.m in Sources */ = {isa = PBXBuildFile; fileRef = CF392EF519217B590066F0C5 /* TEDSpeaker+Additions.m */; };
		CF67D6EC1932A928008FF4BD /* TEDSession+Additions.m in Sources */ = {isa = PBXBuildFile; fileRef = CF67D6EB1932A928008FF4BD /* TEDSession+Additions.m */; };
		CF686364193507F2003260DF /* TEDConstants.m in Sources */ = {isa = PBXBuildFile; fileRef = CF686363193507F2003260DF /* TEDConstants.m */; };
		CF75A64A193652E00089428E /* TEDEvent+Additions.m in Sources */ = {isa = PBXBuildFile; fileRef = CF75A649193652E00089428E /* TEDEvent+Additions.m */; };
		CF75A65319365CEE0089428E /* TEDEventModel.m in Sources */ = {isa = PBXBuildFile; fileRef = CF75A65219365CEE0089428E /* TEDEventModel.m */; };
		CFAF2752195B5DED009B427C /* TEDSponsor.m in Sources */ = {isa = PBXBuildFile; fileRef = CFAF2751195B5DED009B427C /* TEDSponsor.m */; };
		CFAF2755195B5E10009B427C /* TEDSponsor+Additions.m in Sources */ = {isa = PBXBuildFile; fileRef = CFAF2754195B5E10009B427C /* TEDSponsor+Additions.m */; };
		CFAF2759195B5F59009B427C /* TEDSponsorsDataSource.m in Sources */ = {isa = PBXBuildFile; fileRef = CFAF2758195B5F59009B427C /* TEDSponsorsDataSource.m */; };
		CFC5DAFB190053D4005DFC50 /* TEDCoreDataMocker.m in Sources */ = {isa = PBXBuildFile; fileRef = CFC5DAFA190053D4005DFC50 /* TEDCoreDataMocker.m */; };
		CFCD9A02192AA383001E8B04 /* TEDTalk+Additions.m in Sources */ = {isa = PBXBuildFile; fileRef = CFCD9A01192AA383001E8B04 /* TEDTalk+Additions.m */; };
		CFD11D1B18FBC9C100CF016F /* TEDAgendaTableViewController.xib in Resources */ = {isa = PBXBuildFile; fileRef = CFD11D1A18FBC9C100CF016F /* TEDAgendaTableViewController.xib */; };
		CFD11D1D18FBC9CB00CF016F /* TEDTalkViewController.xib in Resources */ = {isa = PBXBuildFile; fileRef = CFD11D1C18FBC9CB00CF016F /* TEDTalkViewController.xib */; };
		CFD11D2818FBCA1800CF016F /* TEDEventInfoViewController.m in Sources */ = {isa = PBXBuildFile; fileRef = CFD11D2618FBCA1800CF016F /* TEDEventInfoViewController.m */; };
		CFD11D2918FBCA1800CF016F /* TEDEventInfoViewController.xib in Resources */ = {isa = PBXBuildFile; fileRef = CFD11D2718FBCA1800CF016F /* TEDEventInfoViewController.xib */; };
		CFD11D2D18FBCA2900CF016F /* TEDMoreInfoViewController.m in Sources */ = {isa = PBXBuildFile; fileRef = CFD11D2B18FBCA2900CF016F /* TEDMoreInfoViewController.m */; };
		CFD11D2E18FBCA2900CF016F /* TEDMoreInfoViewController.xib in Resources */ = {isa = PBXBuildFile; fileRef = CFD11D2C18FBCA2900CF016F /* TEDMoreInfoViewController.xib */; };
		CFD11D3218FBCA3800CF016F /* TEDSpeakerProfileViewController.m in Sources */ = {isa = PBXBuildFile; fileRef = CFD11D3018FBCA3800CF016F /* TEDSpeakerProfileViewController.m */; };
		CFD11D3318FBCA3800CF016F /* TEDSpeakerProfileViewController.xib in Resources */ = {isa = PBXBuildFile; fileRef = CFD11D3118FBCA3800CF016F /* TEDSpeakerProfileViewController.xib */; };
		CFD11D3718FBCA4A00CF016F /* TEDSpeakersViewController.m in Sources */ = {isa = PBXBuildFile; fileRef = CFD11D3518FBCA4A00CF016F /* TEDSpeakersViewController.m */; };
		CFD11D3818FBCA4A00CF016F /* TEDSpeakersViewController.xib in Resources */ = {isa = PBXBuildFile; fileRef = CFD11D3618FBCA4A00CF016F /* TEDSpeakersViewController.xib */; };
		CFD11D3C18FBCA5700CF016F /* TEDSponsorsViewController.m in Sources */ = {isa = PBXBuildFile; fileRef = CFD11D3A18FBCA5700CF016F /* TEDSponsorsViewController.m */; };
		CFD11D3D18FBCA5700CF016F /* TEDSponsorsViewController.xib in Resources */ = {isa = PBXBuildFile; fileRef = CFD11D3B18FBCA5700CF016F /* TEDSponsorsViewController.xib */; };
		CFD9C3F918E9DC9000AE9196 /* Foundation.framework in Frameworks */ = {isa = PBXBuildFile; fileRef = CFD9C3F818E9DC9000AE9196 /* Foundation.framework */; };
		CFD9C3FB18E9DC9000AE9196 /* CoreGraphics.framework in Frameworks */ = {isa = PBXBuildFile; fileRef = CFD9C3FA18E9DC9000AE9196 /* CoreGraphics.framework */; };
		CFD9C3FD18E9DC9000AE9196 /* UIKit.framework in Frameworks */ = {isa = PBXBuildFile; fileRef = CFD9C3FC18E9DC9000AE9196 /* UIKit.framework */; };
		CFD9C3FF18E9DC9000AE9196 /* CoreData.framework in Frameworks */ = {isa = PBXBuildFile; fileRef = CFD9C3FE18E9DC9000AE9196 /* CoreData.framework */; };
		CFD9C40518E9DC9000AE9196 /* InfoPlist.strings in Resources */ = {isa = PBXBuildFile; fileRef = CFD9C40318E9DC9000AE9196 /* InfoPlist.strings */; };
		CFD9C40718E9DC9000AE9196 /* main.m in Sources */ = {isa = PBXBuildFile; fileRef = CFD9C40618E9DC9000AE9196 /* main.m */; };
		CFD9C40B18E9DC9000AE9196 /* TEDAppDelegate.m in Sources */ = {isa = PBXBuildFile; fileRef = CFD9C40A18E9DC9000AE9196 /* TEDAppDelegate.m */; };
		CFD9C40E18E9DC9000AE9196 /* TEDxCT.xcdatamodeld in Sources */ = {isa = PBXBuildFile; fileRef = CFD9C40C18E9DC9000AE9196 /* TEDxCT.xcdatamodeld */; };
		CFD9C41018E9DC9000AE9196 /* Images.xcassets in Resources */ = {isa = PBXBuildFile; fileRef = CFD9C40F18E9DC9000AE9196 /* Images.xcassets */; };
		CFD9C41718E9DC9000AE9196 /* XCTest.framework in Frameworks */ = {isa = PBXBuildFile; fileRef = CFD9C41618E9DC9000AE9196 /* XCTest.framework */; };
		CFD9C41818E9DC9000AE9196 /* Foundation.framework in Frameworks */ = {isa = PBXBuildFile; fileRef = CFD9C3F818E9DC9000AE9196 /* Foundation.framework */; };
		CFD9C41918E9DC9000AE9196 /* UIKit.framework in Frameworks */ = {isa = PBXBuildFile; fileRef = CFD9C3FC18E9DC9000AE9196 /* UIKit.framework */; };
		CFD9C41A18E9DC9000AE9196 /* CoreData.framework in Frameworks */ = {isa = PBXBuildFile; fileRef = CFD9C3FE18E9DC9000AE9196 /* CoreData.framework */; };
		CFD9C42218E9DC9000AE9196 /* InfoPlist.strings in Resources */ = {isa = PBXBuildFile; fileRef = CFD9C42018E9DC9000AE9196 /* InfoPlist.strings */; };
		CFD9C42418E9DC9000AE9196 /* TEDxCTTests.m in Sources */ = {isa = PBXBuildFile; fileRef = CFD9C42318E9DC9000AE9196 /* TEDxCTTests.m */; };
		CFE84D6018EC854000FA9B38 /* TEDTabBarController.m in Sources */ = {isa = PBXBuildFile; fileRef = CFE84D5F18EC854000FA9B38 /* TEDTabBarController.m */; };
/* End PBXBuildFile section */

/* Begin PBXContainerItemProxy section */
		CFD9C41B18E9DC9000AE9196 /* PBXContainerItemProxy */ = {
			isa = PBXContainerItemProxy;
			containerPortal = CFD9C3ED18E9DC9000AE9196 /* Project object */;
			proxyType = 1;
			remoteGlobalIDString = CFD9C3F418E9DC9000AE9196;
			remoteInfo = TEDxCT;
		};
/* End PBXContainerItemProxy section */

/* Begin PBXFileReference section */
		420C2B9D192A728000B344F2 /* TEDStorageService.h */ = {isa = PBXFileReference; fileEncoding = 4; lastKnownFileType = sourcecode.c.h; path = TEDStorageService.h; sourceTree = "<group>"; };
		420C2B9E192A728000B344F2 /* TEDStorageService.m */ = {isa = PBXFileReference; fileEncoding = 4; lastKnownFileType = sourcecode.c.objc; path = TEDStorageService.m; sourceTree = "<group>"; };
		420C2BA0192A780500B344F2 /* TEDStorageServiceTests.m */ = {isa = PBXFileReference; fileEncoding = 4; lastKnownFileType = sourcecode.c.objc; name = TEDStorageServiceTests.m; path = TEDxCTTests/TEDStorageServiceTests.m; sourceTree = SOURCE_ROOT; };
		420C2BA3192A962400B344F2 /* TEDSpeaker.h */ = {isa = PBXFileReference; fileEncoding = 4; lastKnownFileType = sourcecode.c.h; path = TEDSpeaker.h; sourceTree = "<group>"; };
		420C2BA4192A962400B344F2 /* TEDSpeaker.m */ = {isa = PBXFileReference; fileEncoding = 4; lastKnownFileType = sourcecode.c.objc; path = TEDSpeaker.m; sourceTree = "<group>"; };
		420C2BA6192A962500B344F2 /* TEDEvent.h */ = {isa = PBXFileReference; fileEncoding = 4; lastKnownFileType = sourcecode.c.h; path = TEDEvent.h; sourceTree = "<group>"; };
		420C2BA7192A962500B344F2 /* TEDEvent.m */ = {isa = PBXFileReference; fileEncoding = 4; lastKnownFileType = sourcecode.c.objc; path = TEDEvent.m; sourceTree = "<group>"; };
		4212D40519003737007FC522 /* TEDAgendaDataSource.h */ = {isa = PBXFileReference; fileEncoding = 4; lastKnownFileType = sourcecode.c.h; path = TEDAgendaDataSource.h; sourceTree = "<group>"; };
		4212D40619003737007FC522 /* TEDAgendaDataSource.m */ = {isa = PBXFileReference; fileEncoding = 4; lastKnownFileType = sourcecode.c.objc; path = TEDAgendaDataSource.m; sourceTree = "<group>"; };
		4212D4091900374A007FC522 /* TEDSpeakersDataSource.h */ = {isa = PBXFileReference; fileEncoding = 4; lastKnownFileType = sourcecode.c.h; path = TEDSpeakersDataSource.h; sourceTree = "<group>"; };
		4212D40A1900374A007FC522 /* TEDSpeakersDataSource.m */ = {isa = PBXFileReference; fileEncoding = 4; lastKnownFileType = sourcecode.c.objc; path = TEDSpeakersDataSource.m; sourceTree = "<group>"; };
		4212D40E190038BF007FC522 /* TEDCoreDataManager.h */ = {isa = PBXFileReference; fileEncoding = 4; lastKnownFileType = sourcecode.c.h; path = TEDCoreDataManager.h; sourceTree = "<group>"; };
		4212D40F190038BF007FC522 /* TEDCoreDataManager.m */ = {isa = PBXFileReference; fileEncoding = 4; lastKnownFileType = sourcecode.c.objc; path = TEDCoreDataManager.m; sourceTree = "<group>"; };
		4212D41319003FFC007FC522 /* TEDTalkTableViewCell.h */ = {isa = PBXFileReference; fileEncoding = 4; lastKnownFileType = sourcecode.c.h; path = TEDTalkTableViewCell.h; sourceTree = "<group>"; };
		4212D41419003FFC007FC522 /* TEDTalkTableViewCell.m */ = {isa = PBXFileReference; fileEncoding = 4; lastKnownFileType = sourcecode.c.objc; path = TEDTalkTableViewCell.m; sourceTree = "<group>"; };
		4212D41519003FFC007FC522 /* TEDTalkTableViewCell.xib */ = {isa = PBXFileReference; fileEncoding = 4; lastKnownFileType = file.xib; path = TEDTalkTableViewCell.xib; sourceTree = "<group>"; };
		4212D4181900403F007FC522 /* TEDSpeakersTableViewCell.h */ = {isa = PBXFileReference; fileEncoding = 4; lastKnownFileType = sourcecode.c.h; path = TEDSpeakersTableViewCell.h; sourceTree = "<group>"; };
		4212D4191900403F007FC522 /* TEDSpeakersTableViewCell.m */ = {isa = PBXFileReference; fileEncoding = 4; lastKnownFileType = sourcecode.c.objc; path = TEDSpeakersTableViewCell.m; sourceTree = "<group>"; };
		4212D41A1900403F007FC522 /* TEDSpeakersTableViewCell.xib */ = {isa = PBXFileReference; fileEncoding = 4; lastKnownFileType = file.xib; path = TEDSpeakersTableViewCell.xib; sourceTree = "<group>"; };
		4239DCF01935039300DCB146 /* TEDTalk.h */ = {isa = PBXFileReference; fileEncoding = 4; lastKnownFileType = sourcecode.c.h; path = TEDTalk.h; sourceTree = "<group>"; };
		4239DCF11935039300DCB146 /* TEDTalk.m */ = {isa = PBXFileReference; fileEncoding = 4; lastKnownFileType = sourcecode.c.objc; path = TEDTalk.m; sourceTree = "<group>"; };
		4239DCF31935055100DCB146 /* TEDImageDownloader.h */ = {isa = PBXFileReference; fileEncoding = 4; lastKnownFileType = sourcecode.c.h; path = TEDImageDownloader.h; sourceTree = "<group>"; };
		4239DCF41935055100DCB146 /* TEDImageDownloader.m */ = {isa = PBXFileReference; fileEncoding = 4; lastKnownFileType = sourcecode.c.objc; path = TEDImageDownloader.m; sourceTree = "<group>"; };
		42769BF71965C02600A4BCD8 /* TEDSpeakerProfileDataSource.h */ = {isa = PBXFileReference; fileEncoding = 4; lastKnownFileType = sourcecode.c.h; path = TEDSpeakerProfileDataSource.h; sourceTree = "<group>"; };
		42769BF81965C02600A4BCD8 /* TEDSpeakerProfileDataSource.m */ = {isa = PBXFileReference; fileEncoding = 4; lastKnownFileType = sourcecode.c.objc; path = TEDSpeakerProfileDataSource.m; sourceTree = "<group>"; };
		42769BFA1965D39200A4BCD8 /* TEDSpeakerProfileNameAndPhotoTableViewCell.h */ = {isa = PBXFileReference; fileEncoding = 4; lastKnownFileType = sourcecode.c.h; path = TEDSpeakerProfileNameAndPhotoTableViewCell.h; sourceTree = "<group>"; };
		42769BFB1965D39200A4BCD8 /* TEDSpeakerProfileNameAndPhotoTableViewCell.m */ = {isa = PBXFileReference; fileEncoding = 4; lastKnownFileType = sourcecode.c.objc; path = TEDSpeakerProfileNameAndPhotoTableViewCell.m; sourceTree = "<group>"; };
		42769BFC1965D39300A4BCD8 /* TEDSpeakerProfileNameAndPhotoTableViewCell.xib */ = {isa = PBXFileReference; fileEncoding = 4; lastKnownFileType = file.xib; path = TEDSpeakerProfileNameAndPhotoTableViewCell.xib; sourceTree = "<group>"; };
		42B7510A18EC99B90058CB90 /* TEDAgendaTableViewController.h */ = {isa = PBXFileReference; fileEncoding = 4; lastKnownFileType = sourcecode.c.h; path = TEDAgendaTableViewController.h; sourceTree = "<group>"; };
		42B7510B18EC99B90058CB90 /* TEDAgendaTableViewController.m */ = {isa = PBXFileReference; fileEncoding = 4; lastKnownFileType = sourcecode.c.objc; path = TEDAgendaTableViewController.m; sourceTree = "<group>"; };
		42B7510D18EC99B90058CB90 /* TEDTalkViewController.h */ = {isa = PBXFileReference; fileEncoding = 4; lastKnownFileType = sourcecode.c.h; path = TEDTalkViewController.h; sourceTree = "<group>"; };
		42B7510E18EC99B90058CB90 /* TEDTalkViewController.m */ = {isa = PBXFileReference; fileEncoding = 4; lastKnownFileType = sourcecode.c.objc; path = TEDTalkViewController.m; sourceTree = "<group>"; };
		42C97D3019098F1D009C6BA9 /* TEDSession.h */ = {isa = PBXFileReference; fileEncoding = 4; lastKnownFileType = sourcecode.c.h; path = TEDSession.h; sourceTree = "<group>"; };
		42C97D3119098F1D009C6BA9 /* TEDSession.m */ = {isa = PBXFileReference; fileEncoding = 4; lastKnownFileType = sourcecode.c.objc; path = TEDSession.m; sourceTree = "<group>"; };
		42C97D3A1909910E009C6BA9 /* TEDEventTests.m */ = {isa = PBXFileReference; fileEncoding = 4; lastKnownFileType = sourcecode.c.objc; path = TEDEventTests.m; sourceTree = "<group>"; };
		42C97D3C19099140009C6BA9 /* TEDCoreDataTestsHelper.h */ = {isa = PBXFileReference; fileEncoding = 4; lastKnownFileType = sourcecode.c.h; path = TEDCoreDataTestsHelper.h; sourceTree = "<group>"; };
		42C97D3D19099140009C6BA9 /* TEDCoreDataTestsHelper.m */ = {isa = PBXFileReference; fileEncoding = 4; lastKnownFileType = sourcecode.c.objc; path = TEDCoreDataTestsHelper.m; sourceTree = "<group>"; };
		42C97D42190A3A06009C6BA9 /* TEDSpeakerTests.m */ = {isa = PBXFileReference; fileEncoding = 4; lastKnownFileType = sourcecode.c.objc; path = TEDSpeakerTests.m; sourceTree = "<group>"; };
		42E0634C1965D83D00CD3C79 /* TEDSpeakerProfileDescriptionTableViewCell.h */ = {isa = PBXFileReference; fileEncoding = 4; lastKnownFileType = sourcecode.c.h; path = TEDSpeakerProfileDescriptionTableViewCell.h; sourceTree = "<group>"; };
		42E0634D1965D83D00CD3C79 /* TEDSpeakerProfileDescriptionTableViewCell.m */ = {isa = PBXFileReference; fileEncoding = 4; lastKnownFileType = sourcecode.c.objc; path = TEDSpeakerProfileDescriptionTableViewCell.m; sourceTree = "<group>"; };
		42E0634E1965D83D00CD3C79 /* TEDSpeakerProfileDescriptionTableViewCell.xib */ = {isa = PBXFileReference; fileEncoding = 4; lastKnownFileType = file.xib; path = TEDSpeakerProfileDescriptionTableViewCell.xib; sourceTree = "<group>"; };
		42E063511965DA2B00CD3C79 /* TEDSpeakerProfileContactDetailTableViewCell.h */ = {isa = PBXFileReference; fileEncoding = 4; lastKnownFileType = sourcecode.c.h; path = TEDSpeakerProfileContactDetailTableViewCell.h; sourceTree = "<group>"; };
		42E063521965DA2B00CD3C79 /* TEDSpeakerProfileContactDetailTableViewCell.m */ = {isa = PBXFileReference; fileEncoding = 4; lastKnownFileType = sourcecode.c.objc; path = TEDSpeakerProfileContactDetailTableViewCell.m; sourceTree = "<group>"; };
		42E063531965DA2B00CD3C79 /* TEDSpeakerProfileContactDetailTableViewCell.xib */ = {isa = PBXFileReference; fileEncoding = 4; lastKnownFileType = file.xib; path = TEDSpeakerProfileContactDetailTableViewCell.xib; sourceTree = "<group>"; };
		CF392ED4192136B60066F0C5 /* TEDContentImporter.h */ = {isa = PBXFileReference; fileEncoding = 4; lastKnownFileType = sourcecode.c.h; path = TEDContentImporter.h; sourceTree = "<group>"; };
		CF392ED5192136B60066F0C5 /* TEDContentImporter.m */ = {isa = PBXFileReference; fileEncoding = 4; lastKnownFileType = sourcecode.c.objc; path = TEDContentImporter.m; sourceTree = "<group>"; };
		CF392ED81921377F0066F0C5 /* TEDContentImporterTests.m */ = {isa = PBXFileReference; fileEncoding = 4; lastKnownFileType = sourcecode.c.objc; path = TEDContentImporterTests.m; sourceTree = "<group>"; };
		CF392EDA192140A90066F0C5 /* TEDApplicationConfiguration.h */ = {isa = PBXFileReference; fileEncoding = 4; lastKnownFileType = sourcecode.c.h; path = TEDApplicationConfiguration.h; sourceTree = "<group>"; };
		CF392EDB192140A90066F0C5 /* TEDApplicationConfiguration.m */ = {isa = PBXFileReference; fileEncoding = 4; lastKnownFileType = sourcecode.c.objc; path = TEDApplicationConfiguration.m; sourceTree = "<group>"; };
		CF392EF419217B590066F0C5 /* TEDSpeaker+Additions.h */ = {isa = PBXFileReference; fileEncoding = 4; lastKnownFileType = sourcecode.c.h; path = "TEDSpeaker+Additions.h"; sourceTree = "<group>"; };
		CF392EF519217B590066F0C5 /* TEDSpeaker+Additions.m */ = {isa = PBXFileReference; fileEncoding = 4; lastKnownFileType = sourcecode.c.objc; path = "TEDSpeaker+Additions.m"; sourceTree = "<group>"; };
		CF67D6EA1932A928008FF4BD /* TEDSession+Additions.h */ = {isa = PBXFileReference; fileEncoding = 4; lastKnownFileType = sourcecode.c.h; path = "TEDSession+Additions.h"; sourceTree = "<group>"; };
		CF67D6EB1932A928008FF4BD /* TEDSession+Additions.m */ = {isa = PBXFileReference; fileEncoding = 4; lastKnownFileType = sourcecode.c.objc; path = "TEDSession+Additions.m"; sourceTree = "<group>"; };
		CF686362193507F2003260DF /* TEDConstants.h */ = {isa = PBXFileReference; fileEncoding = 4; lastKnownFileType = sourcecode.c.h; path = TEDConstants.h; sourceTree = "<group>"; };
		CF686363193507F2003260DF /* TEDConstants.m */ = {isa = PBXFileReference; fileEncoding = 4; lastKnownFileType = sourcecode.c.objc; path = TEDConstants.m; sourceTree = "<group>"; };
		CF75A648193652E00089428E /* TEDEvent+Additions.h */ = {isa = PBXFileReference; fileEncoding = 4; lastKnownFileType = sourcecode.c.h; path = "TEDEvent+Additions.h"; sourceTree = "<group>"; };
		CF75A649193652E00089428E /* TEDEvent+Additions.m */ = {isa = PBXFileReference; fileEncoding = 4; lastKnownFileType = sourcecode.c.objc; path = "TEDEvent+Additions.m"; sourceTree = "<group>"; };
		CF75A65119365CEE0089428E /* TEDEventModel.h */ = {isa = PBXFileReference; fileEncoding = 4; lastKnownFileType = sourcecode.c.h; path = TEDEventModel.h; sourceTree = "<group>"; };
		CF75A65219365CEE0089428E /* TEDEventModel.m */ = {isa = PBXFileReference; fileEncoding = 4; lastKnownFileType = sourcecode.c.objc; path = TEDEventModel.m; sourceTree = "<group>"; };
		CFAF2750195B5DED009B427C /* TEDSponsor.h */ = {isa = PBXFileReference; fileEncoding = 4; lastKnownFileType = sourcecode.c.h; path = TEDSponsor.h; sourceTree = "<group>"; };
		CFAF2751195B5DED009B427C /* TEDSponsor.m */ = {isa = PBXFileReference; fileEncoding = 4; lastKnownFileType = sourcecode.c.objc; path = TEDSponsor.m; sourceTree = "<group>"; };
		CFAF2753195B5E10009B427C /* TEDSponsor+Additions.h */ = {isa = PBXFileReference; fileEncoding = 4; lastKnownFileType = sourcecode.c.h; path = "TEDSponsor+Additions.h"; sourceTree = "<group>"; };
		CFAF2754195B5E10009B427C /* TEDSponsor+Additions.m */ = {isa = PBXFileReference; fileEncoding = 4; lastKnownFileType = sourcecode.c.objc; path = "TEDSponsor+Additions.m"; sourceTree = "<group>"; };
		CFAF2757195B5F59009B427C /* TEDSponsorsDataSource.h */ = {isa = PBXFileReference; fileEncoding = 4; lastKnownFileType = sourcecode.c.h; path = TEDSponsorsDataSource.h; sourceTree = "<group>"; };
		CFAF2758195B5F59009B427C /* TEDSponsorsDataSource.m */ = {isa = PBXFileReference; fileEncoding = 4; lastKnownFileType = sourcecode.c.objc; path = TEDSponsorsDataSource.m; sourceTree = "<group>"; };
		CFC5DAF9190053D4005DFC50 /* TEDCoreDataMocker.h */ = {isa = PBXFileReference; fileEncoding = 4; lastKnownFileType = sourcecode.c.h; path = TEDCoreDataMocker.h; sourceTree = "<group>"; };
		CFC5DAFA190053D4005DFC50 /* TEDCoreDataMocker.m */ = {isa = PBXFileReference; fileEncoding = 4; lastKnownFileType = sourcecode.c.objc; path = TEDCoreDataMocker.m; sourceTree = "<group>"; };
		CFCD9A00192AA383001E8B04 /* TEDTalk+Additions.h */ = {isa = PBXFileReference; fileEncoding = 4; lastKnownFileType = sourcecode.c.h; path = "TEDTalk+Additions.h"; sourceTree = "<group>"; };
		CFCD9A01192AA383001E8B04 /* TEDTalk+Additions.m */ = {isa = PBXFileReference; fileEncoding = 4; lastKnownFileType = sourcecode.c.objc; path = "TEDTalk+Additions.m"; sourceTree = "<group>"; };
		CFD11D1A18FBC9C100CF016F /* TEDAgendaTableViewController.xib */ = {isa = PBXFileReference; fileEncoding = 4; lastKnownFileType = file.xib; path = TEDAgendaTableViewController.xib; sourceTree = "<group>"; };
		CFD11D1C18FBC9CB00CF016F /* TEDTalkViewController.xib */ = {isa = PBXFileReference; fileEncoding = 4; lastKnownFileType = file.xib; path = TEDTalkViewController.xib; sourceTree = "<group>"; };
		CFD11D2518FBCA1800CF016F /* TEDEventInfoViewController.h */ = {isa = PBXFileReference; fileEncoding = 4; lastKnownFileType = sourcecode.c.h; path = TEDEventInfoViewController.h; sourceTree = "<group>"; };
		CFD11D2618FBCA1800CF016F /* TEDEventInfoViewController.m */ = {isa = PBXFileReference; fileEncoding = 4; lastKnownFileType = sourcecode.c.objc; path = TEDEventInfoViewController.m; sourceTree = "<group>"; };
		CFD11D2718FBCA1800CF016F /* TEDEventInfoViewController.xib */ = {isa = PBXFileReference; fileEncoding = 4; lastKnownFileType = file.xib; path = TEDEventInfoViewController.xib; sourceTree = "<group>"; };
		CFD11D2A18FBCA2900CF016F /* TEDMoreInfoViewController.h */ = {isa = PBXFileReference; fileEncoding = 4; lastKnownFileType = sourcecode.c.h; path = TEDMoreInfoViewController.h; sourceTree = "<group>"; };
		CFD11D2B18FBCA2900CF016F /* TEDMoreInfoViewController.m */ = {isa = PBXFileReference; fileEncoding = 4; lastKnownFileType = sourcecode.c.objc; path = TEDMoreInfoViewController.m; sourceTree = "<group>"; };
		CFD11D2C18FBCA2900CF016F /* TEDMoreInfoViewController.xib */ = {isa = PBXFileReference; fileEncoding = 4; lastKnownFileType = file.xib; path = TEDMoreInfoViewController.xib; sourceTree = "<group>"; };
		CFD11D2F18FBCA3800CF016F /* TEDSpeakerProfileViewController.h */ = {isa = PBXFileReference; fileEncoding = 4; lastKnownFileType = sourcecode.c.h; path = TEDSpeakerProfileViewController.h; sourceTree = "<group>"; };
		CFD11D3018FBCA3800CF016F /* TEDSpeakerProfileViewController.m */ = {isa = PBXFileReference; fileEncoding = 4; lastKnownFileType = sourcecode.c.objc; path = TEDSpeakerProfileViewController.m; sourceTree = "<group>"; };
		CFD11D3118FBCA3800CF016F /* TEDSpeakerProfileViewController.xib */ = {isa = PBXFileReference; fileEncoding = 4; lastKnownFileType = file.xib; path = TEDSpeakerProfileViewController.xib; sourceTree = "<group>"; };
		CFD11D3418FBCA4A00CF016F /* TEDSpeakersViewController.h */ = {isa = PBXFileReference; fileEncoding = 4; lastKnownFileType = sourcecode.c.h; path = TEDSpeakersViewController.h; sourceTree = "<group>"; };
		CFD11D3518FBCA4A00CF016F /* TEDSpeakersViewController.m */ = {isa = PBXFileReference; fileEncoding = 4; lastKnownFileType = sourcecode.c.objc; path = TEDSpeakersViewController.m; sourceTree = "<group>"; };
		CFD11D3618FBCA4A00CF016F /* TEDSpeakersViewController.xib */ = {isa = PBXFileReference; fileEncoding = 4; lastKnownFileType = file.xib; path = TEDSpeakersViewController.xib; sourceTree = "<group>"; };
		CFD11D3918FBCA5700CF016F /* TEDSponsorsViewController.h */ = {isa = PBXFileReference; fileEncoding = 4; lastKnownFileType = sourcecode.c.h; path = TEDSponsorsViewController.h; sourceTree = "<group>"; };
		CFD11D3A18FBCA5700CF016F /* TEDSponsorsViewController.m */ = {isa = PBXFileReference; fileEncoding = 4; lastKnownFileType = sourcecode.c.objc; path = TEDSponsorsViewController.m; sourceTree = "<group>"; };
		CFD11D3B18FBCA5700CF016F /* TEDSponsorsViewController.xib */ = {isa = PBXFileReference; fileEncoding = 4; lastKnownFileType = file.xib; path = TEDSponsorsViewController.xib; sourceTree = "<group>"; };
		CFD9C3F518E9DC9000AE9196 /* TEDxCT.app */ = {isa = PBXFileReference; explicitFileType = wrapper.application; includeInIndex = 0; path = TEDxCT.app; sourceTree = BUILT_PRODUCTS_DIR; };
		CFD9C3F818E9DC9000AE9196 /* Foundation.framework */ = {isa = PBXFileReference; lastKnownFileType = wrapper.framework; name = Foundation.framework; path = System/Library/Frameworks/Foundation.framework; sourceTree = SDKROOT; };
		CFD9C3FA18E9DC9000AE9196 /* CoreGraphics.framework */ = {isa = PBXFileReference; lastKnownFileType = wrapper.framework; name = CoreGraphics.framework; path = System/Library/Frameworks/CoreGraphics.framework; sourceTree = SDKROOT; };
		CFD9C3FC18E9DC9000AE9196 /* UIKit.framework */ = {isa = PBXFileReference; lastKnownFileType = wrapper.framework; name = UIKit.framework; path = System/Library/Frameworks/UIKit.framework; sourceTree = SDKROOT; };
		CFD9C3FE18E9DC9000AE9196 /* CoreData.framework */ = {isa = PBXFileReference; lastKnownFileType = wrapper.framework; name = CoreData.framework; path = System/Library/Frameworks/CoreData.framework; sourceTree = SDKROOT; };
		CFD9C40218E9DC9000AE9196 /* TEDxCT-Info.plist */ = {isa = PBXFileReference; lastKnownFileType = text.plist.xml; path = "TEDxCT-Info.plist"; sourceTree = "<group>"; };
		CFD9C40418E9DC9000AE9196 /* en */ = {isa = PBXFileReference; lastKnownFileType = text.plist.strings; name = en; path = en.lproj/InfoPlist.strings; sourceTree = "<group>"; };
		CFD9C40618E9DC9000AE9196 /* main.m */ = {isa = PBXFileReference; lastKnownFileType = sourcecode.c.objc; path = main.m; sourceTree = "<group>"; };
		CFD9C40818E9DC9000AE9196 /* TEDxCT-Prefix.pch */ = {isa = PBXFileReference; lastKnownFileType = sourcecode.c.h; path = "TEDxCT-Prefix.pch"; sourceTree = "<group>"; };
		CFD9C40918E9DC9000AE9196 /* TEDAppDelegate.h */ = {isa = PBXFileReference; lastKnownFileType = sourcecode.c.h; path = TEDAppDelegate.h; sourceTree = "<group>"; };
		CFD9C40A18E9DC9000AE9196 /* TEDAppDelegate.m */ = {isa = PBXFileReference; lastKnownFileType = sourcecode.c.objc; path = TEDAppDelegate.m; sourceTree = "<group>"; };
		CFD9C40D18E9DC9000AE9196 /* TEDxCT.xcdatamodel */ = {isa = PBXFileReference; lastKnownFileType = wrapper.xcdatamodel; path = TEDxCT.xcdatamodel; sourceTree = "<group>"; };
		CFD9C40F18E9DC9000AE9196 /* Images.xcassets */ = {isa = PBXFileReference; lastKnownFileType = folder.assetcatalog; path = Images.xcassets; sourceTree = "<group>"; };
		CFD9C41518E9DC9000AE9196 /* TEDxCTTests.xctest */ = {isa = PBXFileReference; explicitFileType = wrapper.cfbundle; includeInIndex = 0; path = TEDxCTTests.xctest; sourceTree = BUILT_PRODUCTS_DIR; };
		CFD9C41618E9DC9000AE9196 /* XCTest.framework */ = {isa = PBXFileReference; lastKnownFileType = wrapper.framework; name = XCTest.framework; path = Library/Frameworks/XCTest.framework; sourceTree = DEVELOPER_DIR; };
		CFD9C41F18E9DC9000AE9196 /* TEDxCTTests-Info.plist */ = {isa = PBXFileReference; lastKnownFileType = text.plist.xml; path = "TEDxCTTests-Info.plist"; sourceTree = "<group>"; };
		CFD9C42118E9DC9000AE9196 /* en */ = {isa = PBXFileReference; lastKnownFileType = text.plist.strings; name = en; path = en.lproj/InfoPlist.strings; sourceTree = "<group>"; };
		CFD9C42318E9DC9000AE9196 /* TEDxCTTests.m */ = {isa = PBXFileReference; lastKnownFileType = sourcecode.c.objc; path = TEDxCTTests.m; sourceTree = "<group>"; };
		CFE84D5E18EC854000FA9B38 /* TEDTabBarController.h */ = {isa = PBXFileReference; fileEncoding = 4; lastKnownFileType = sourcecode.c.h; path = TEDTabBarController.h; sourceTree = "<group>"; };
		CFE84D5F18EC854000FA9B38 /* TEDTabBarController.m */ = {isa = PBXFileReference; fileEncoding = 4; lastKnownFileType = sourcecode.c.objc; path = TEDTabBarController.m; sourceTree = "<group>"; };
/* End PBXFileReference section */

/* Begin PBXFrameworksBuildPhase section */
		CFD9C3F218E9DC9000AE9196 /* Frameworks */ = {
			isa = PBXFrameworksBuildPhase;
			buildActionMask = 2147483647;
			files = (
				CFD9C3FB18E9DC9000AE9196 /* CoreGraphics.framework in Frameworks */,
				CFD9C3FF18E9DC9000AE9196 /* CoreData.framework in Frameworks */,
				CFD9C3FD18E9DC9000AE9196 /* UIKit.framework in Frameworks */,
				CFD9C3F918E9DC9000AE9196 /* Foundation.framework in Frameworks */,
			);
			runOnlyForDeploymentPostprocessing = 0;
		};
		CFD9C41218E9DC9000AE9196 /* Frameworks */ = {
			isa = PBXFrameworksBuildPhase;
			buildActionMask = 2147483647;
			files = (
				CFD9C41718E9DC9000AE9196 /* XCTest.framework in Frameworks */,
				CFD9C41A18E9DC9000AE9196 /* CoreData.framework in Frameworks */,
				CFD9C41918E9DC9000AE9196 /* UIKit.framework in Frameworks */,
				CFD9C41818E9DC9000AE9196 /* Foundation.framework in Frameworks */,
			);
			runOnlyForDeploymentPostprocessing = 0;
		};
/* End PBXFrameworksBuildPhase section */

/* Begin PBXGroup section */
		4212D40419003737007FC522 /* Agenda */ = {
			isa = PBXGroup;
			children = (
				4212D40519003737007FC522 /* TEDAgendaDataSource.h */,
				4212D40619003737007FC522 /* TEDAgendaDataSource.m */,
			);
			path = Agenda;
			sourceTree = "<group>";
		};
		4212D40719003737007FC522 /* Speakers */ = {
			isa = PBXGroup;
			children = (
				4212D4091900374A007FC522 /* TEDSpeakersDataSource.h */,
				4212D40A1900374A007FC522 /* TEDSpeakersDataSource.m */,
				42769BF71965C02600A4BCD8 /* TEDSpeakerProfileDataSource.h */,
				42769BF81965C02600A4BCD8 /* TEDSpeakerProfileDataSource.m */,
			);
			path = Speakers;
			sourceTree = "<group>";
		};
		4212D40C190038BF007FC522 /* Components */ = {
			isa = PBXGroup;
			children = (
				4212D40D190038BF007FC522 /* Services */,
				CF392EDA192140A90066F0C5 /* TEDApplicationConfiguration.h */,
				CF392EDB192140A90066F0C5 /* TEDApplicationConfiguration.m */,
				4239DCF31935055100DCB146 /* TEDImageDownloader.h */,
				4239DCF41935055100DCB146 /* TEDImageDownloader.m */,
			);
			path = Components;
			sourceTree = "<group>";
		};
		4212D40D190038BF007FC522 /* Services */ = {
			isa = PBXGroup;
			children = (
				4212D40E190038BF007FC522 /* TEDCoreDataManager.h */,
				4212D40F190038BF007FC522 /* TEDCoreDataManager.m */,
				CF392ED4192136B60066F0C5 /* TEDContentImporter.h */,
				CF392ED5192136B60066F0C5 /* TEDContentImporter.m */,
				420C2B9D192A728000B344F2 /* TEDStorageService.h */,
				420C2B9E192A728000B344F2 /* TEDStorageService.m */,
			);
			path = Services;
			sourceTree = "<group>";
		};
		4212D41119003FFC007FC522 /* Speakers */ = {
			isa = PBXGroup;
			children = (
				4212D4181900403F007FC522 /* TEDSpeakersTableViewCell.h */,
				4212D4191900403F007FC522 /* TEDSpeakersTableViewCell.m */,
				4212D41A1900403F007FC522 /* TEDSpeakersTableViewCell.xib */,
				42769BFA1965D39200A4BCD8 /* TEDSpeakerProfileNameAndPhotoTableViewCell.h */,
				42769BFB1965D39200A4BCD8 /* TEDSpeakerProfileNameAndPhotoTableViewCell.m */,
				42769BFC1965D39300A4BCD8 /* TEDSpeakerProfileNameAndPhotoTableViewCell.xib */,
				42E0634C1965D83D00CD3C79 /* TEDSpeakerProfileDescriptionTableViewCell.h */,
				42E0634D1965D83D00CD3C79 /* TEDSpeakerProfileDescriptionTableViewCell.m */,
				42E0634E1965D83D00CD3C79 /* TEDSpeakerProfileDescriptionTableViewCell.xib */,
				42E063511965DA2B00CD3C79 /* TEDSpeakerProfileContactDetailTableViewCell.h */,
				42E063521965DA2B00CD3C79 /* TEDSpeakerProfileContactDetailTableViewCell.m */,
				42E063531965DA2B00CD3C79 /* TEDSpeakerProfileContactDetailTableViewCell.xib */,
			);
			path = Speakers;
			sourceTree = "<group>";
		};
		4212D41219003FFC007FC522 /* Talks */ = {
			isa = PBXGroup;
			children = (
				4212D41319003FFC007FC522 /* TEDTalkTableViewCell.h */,
				4212D41419003FFC007FC522 /* TEDTalkTableViewCell.m */,
				4212D41519003FFC007FC522 /* TEDTalkTableViewCell.xib */,
			);
			path = Talks;
			sourceTree = "<group>";
		};
		42B7510918EC99B90058CB90 /* Agenda */ = {
			isa = PBXGroup;
			children = (
				CFD11D1A18FBC9C100CF016F /* TEDAgendaTableViewController.xib */,
				42B7510A18EC99B90058CB90 /* TEDAgendaTableViewController.h */,
				42B7510B18EC99B90058CB90 /* TEDAgendaTableViewController.m */,
			);
			path = Agenda;
			sourceTree = "<group>";
		};
		42B7510C18EC99B90058CB90 /* Talk */ = {
			isa = PBXGroup;
			children = (
				CFD11D1C18FBC9CB00CF016F /* TEDTalkViewController.xib */,
				42B7510D18EC99B90058CB90 /* TEDTalkViewController.h */,
				42B7510E18EC99B90058CB90 /* TEDTalkViewController.m */,
			);
			path = Talk;
			sourceTree = "<group>";
		};
		42C3FB9418E9F2BD00CF6042 /* View Controllers */ = {
			isa = PBXGroup;
			children = (
				CFD11D1E18FBC9DC00CF016F /* Event Info */,
				CFD11D1F18FBC9DC00CF016F /* More Info */,
				CFD11D2018FBC9DC00CF016F /* Speaker Profile */,
				CFD11D2118FBC9DC00CF016F /* Speakers */,
				CFD11D2218FBC9DC00CF016F /* Sponsors */,
				42B7510918EC99B90058CB90 /* Agenda */,
				42B7510C18EC99B90058CB90 /* Talk */,
				CFE84D5E18EC854000FA9B38 /* TEDTabBarController.h */,
				CFE84D5F18EC854000FA9B38 /* TEDTabBarController.m */,
			);
			path = "View Controllers";
			sourceTree = "<group>";
		};
		42C3FB9618E9F2E200CF6042 /* Models */ = {
			isa = PBXGroup;
			children = (
				CFAF2756195B5F30009B427C /* Sponsors */,
				CF75A65019365CE20089428E /* Event */,
				42C97D20190988C4009C6BA9 /* CoreData */,
				4212D40419003737007FC522 /* Agenda */,
				4212D40719003737007FC522 /* Speakers */,
			);
			name = Models;
			path = TEDxCT/Models;
			sourceTree = SOURCE_ROOT;
		};
		42C97D20190988C4009C6BA9 /* CoreData */ = {
			isa = PBXGroup;
			children = (
				CFAF2750195B5DED009B427C /* TEDSponsor.h */,
				CFAF2751195B5DED009B427C /* TEDSponsor.m */,
				4239DCF01935039300DCB146 /* TEDTalk.h */,
				4239DCF11935039300DCB146 /* TEDTalk.m */,
				420C2BA6192A962500B344F2 /* TEDEvent.h */,
				420C2BA7192A962500B344F2 /* TEDEvent.m */,
				420C2BA3192A962400B344F2 /* TEDSpeaker.h */,
				420C2BA4192A962400B344F2 /* TEDSpeaker.m */,
				CF392EF019217ACD0066F0C5 /* Categories */,
				42C97D3019098F1D009C6BA9 /* TEDSession.h */,
				42C97D3119098F1D009C6BA9 /* TEDSession.m */,
			);
			path = CoreData;
			sourceTree = "<group>";
		};
		42C97D39190990F8009C6BA9 /* CoreData */ = {
			isa = PBXGroup;
			children = (
				42C97D42190A3A06009C6BA9 /* TEDSpeakerTests.m */,
				42C97D3A1909910E009C6BA9 /* TEDEventTests.m */,
			);
			path = CoreData;
			sourceTree = "<group>";
		};
		CF392ED71921376F0066F0C5 /* Network */ = {
			isa = PBXGroup;
			children = (
				420C2BA0192A780500B344F2 /* TEDStorageServiceTests.m */,
				CF392ED81921377F0066F0C5 /* TEDContentImporterTests.m */,
			);
			path = Network;
			sourceTree = "<group>";
		};
		CF392EF019217ACD0066F0C5 /* Categories */ = {
			isa = PBXGroup;
			children = (
				CF392EF419217B590066F0C5 /* TEDSpeaker+Additions.h */,
				CF392EF519217B590066F0C5 /* TEDSpeaker+Additions.m */,
				CFCD9A00192AA383001E8B04 /* TEDTalk+Additions.h */,
				CFCD9A01192AA383001E8B04 /* TEDTalk+Additions.m */,
				CF67D6EA1932A928008FF4BD /* TEDSession+Additions.h */,
				CF67D6EB1932A928008FF4BD /* TEDSession+Additions.m */,
				CF75A648193652E00089428E /* TEDEvent+Additions.h */,
				CF75A649193652E00089428E /* TEDEvent+Additions.m */,
				CFAF2753195B5E10009B427C /* TEDSponsor+Additions.h */,
				CFAF2754195B5E10009B427C /* TEDSponsor+Additions.m */,
			);
			path = Categories;
			sourceTree = "<group>";
		};
		CF75A65019365CE20089428E /* Event */ = {
			isa = PBXGroup;
			children = (
				CF75A65119365CEE0089428E /* TEDEventModel.h */,
				CF75A65219365CEE0089428E /* TEDEventModel.m */,
			);
			path = Event;
			sourceTree = "<group>";
		};
		CFAF2756195B5F30009B427C /* Sponsors */ = {
			isa = PBXGroup;
			children = (
				CFAF2757195B5F59009B427C /* TEDSponsorsDataSource.h */,
				CFAF2758195B5F59009B427C /* TEDSponsorsDataSource.m */,
			);
			path = Sponsors;
			sourceTree = "<group>";
		};
		CFD11D1E18FBC9DC00CF016F /* Event Info */ = {
			isa = PBXGroup;
			children = (
				CFD11D2518FBCA1800CF016F /* TEDEventInfoViewController.h */,
				CFD11D2618FBCA1800CF016F /* TEDEventInfoViewController.m */,
				CFD11D2718FBCA1800CF016F /* TEDEventInfoViewController.xib */,
			);
			path = "Event Info";
			sourceTree = "<group>";
		};
		CFD11D1F18FBC9DC00CF016F /* More Info */ = {
			isa = PBXGroup;
			children = (
				CFD11D2A18FBCA2900CF016F /* TEDMoreInfoViewController.h */,
				CFD11D2B18FBCA2900CF016F /* TEDMoreInfoViewController.m */,
				CFD11D2C18FBCA2900CF016F /* TEDMoreInfoViewController.xib */,
			);
			path = "More Info";
			sourceTree = "<group>";
		};
		CFD11D2018FBC9DC00CF016F /* Speaker Profile */ = {
			isa = PBXGroup;
			children = (
				CFD11D2F18FBCA3800CF016F /* TEDSpeakerProfileViewController.h */,
				CFD11D3018FBCA3800CF016F /* TEDSpeakerProfileViewController.m */,
				CFD11D3118FBCA3800CF016F /* TEDSpeakerProfileViewController.xib */,
			);
			path = "Speaker Profile";
			sourceTree = "<group>";
		};
		CFD11D2118FBC9DC00CF016F /* Speakers */ = {
			isa = PBXGroup;
			children = (
				CFD11D3418FBCA4A00CF016F /* TEDSpeakersViewController.h */,
				CFD11D3518FBCA4A00CF016F /* TEDSpeakersViewController.m */,
				CFD11D3618FBCA4A00CF016F /* TEDSpeakersViewController.xib */,
			);
			path = Speakers;
			sourceTree = "<group>";
		};
		CFD11D2218FBC9DC00CF016F /* Sponsors */ = {
			isa = PBXGroup;
			children = (
				CFD11D3918FBCA5700CF016F /* TEDSponsorsViewController.h */,
				CFD11D3A18FBCA5700CF016F /* TEDSponsorsViewController.m */,
				CFD11D3B18FBCA5700CF016F /* TEDSponsorsViewController.xib */,
			);
			path = Sponsors;
			sourceTree = "<group>";
		};
		CFD9C3EC18E9DC9000AE9196 = {
			isa = PBXGroup;
			children = (
				CFD9C40018E9DC9000AE9196 /* TEDxCT */,
				CFD9C41D18E9DC9000AE9196 /* TEDxCTTests */,
				CFD9C3F718E9DC9000AE9196 /* Frameworks */,
				CFD9C3F618E9DC9000AE9196 /* Products */,
			);
			sourceTree = "<group>";
		};
		CFD9C3F618E9DC9000AE9196 /* Products */ = {
			isa = PBXGroup;
			children = (
				CFD9C3F518E9DC9000AE9196 /* TEDxCT.app */,
				CFD9C41518E9DC9000AE9196 /* TEDxCTTests.xctest */,
			);
			name = Products;
			sourceTree = "<group>";
		};
		CFD9C3F718E9DC9000AE9196 /* Frameworks */ = {
			isa = PBXGroup;
			children = (
				CFD9C3F818E9DC9000AE9196 /* Foundation.framework */,
				CFD9C3FA18E9DC9000AE9196 /* CoreGraphics.framework */,
				CFD9C3FC18E9DC9000AE9196 /* UIKit.framework */,
				CFD9C3FE18E9DC9000AE9196 /* CoreData.framework */,
				CFD9C41618E9DC9000AE9196 /* XCTest.framework */,
			);
			name = Frameworks;
			sourceTree = "<group>";
		};
		CFD9C40018E9DC9000AE9196 /* TEDxCT */ = {
			isa = PBXGroup;
			children = (
				4212D40C190038BF007FC522 /* Components */,
				CFEEC5BA18FF1B85008DF40E /* Views */,
				42C3FB9618E9F2E200CF6042 /* Models */,
				42C3FB9418E9F2BD00CF6042 /* View Controllers */,
				CFD9C40918E9DC9000AE9196 /* TEDAppDelegate.h */,
				CFD9C40A18E9DC9000AE9196 /* TEDAppDelegate.m */,
				CFD9C40F18E9DC9000AE9196 /* Images.xcassets */,
				CFD9C40C18E9DC9000AE9196 /* TEDxCT.xcdatamodeld */,
				CFD9C40118E9DC9000AE9196 /* Supporting Files */,
				CF686362193507F2003260DF /* TEDConstants.h */,
				CF686363193507F2003260DF /* TEDConstants.m */,
			);
			path = TEDxCT;
			sourceTree = "<group>";
		};
		CFD9C40118E9DC9000AE9196 /* Supporting Files */ = {
			isa = PBXGroup;
			children = (
				CFD9C40218E9DC9000AE9196 /* TEDxCT-Info.plist */,
				CFD9C40318E9DC9000AE9196 /* InfoPlist.strings */,
				CFD9C40618E9DC9000AE9196 /* main.m */,
				CFD9C40818E9DC9000AE9196 /* TEDxCT-Prefix.pch */,
			);
			name = "Supporting Files";
			sourceTree = "<group>";
		};
		CFD9C41D18E9DC9000AE9196 /* TEDxCTTests */ = {
			isa = PBXGroup;
			children = (
				CF392ED71921376F0066F0C5 /* Network */,
				CFD9C42318E9DC9000AE9196 /* TEDxCTTests.m */,
				42C97D39190990F8009C6BA9 /* CoreData */,
				CFD9C41E18E9DC9000AE9196 /* Supporting Files */,
				CFC5DAF9190053D4005DFC50 /* TEDCoreDataMocker.h */,
				CFC5DAFA190053D4005DFC50 /* TEDCoreDataMocker.m */,
				42C97D3C19099140009C6BA9 /* TEDCoreDataTestsHelper.h */,
				42C97D3D19099140009C6BA9 /* TEDCoreDataTestsHelper.m */,
			);
			path = TEDxCTTests;
			sourceTree = "<group>";
		};
		CFD9C41E18E9DC9000AE9196 /* Supporting Files */ = {
			isa = PBXGroup;
			children = (
				CFD9C41F18E9DC9000AE9196 /* TEDxCTTests-Info.plist */,
				CFD9C42018E9DC9000AE9196 /* InfoPlist.strings */,
			);
			name = "Supporting Files";
			sourceTree = "<group>";
		};
		CFEEC5BA18FF1B85008DF40E /* Views */ = {
			isa = PBXGroup;
			children = (
				4212D41119003FFC007FC522 /* Speakers */,
				4212D41219003FFC007FC522 /* Talks */,
			);
			path = Views;
			sourceTree = "<group>";
		};
/* End PBXGroup section */

/* Begin PBXNativeTarget section */
		CFD9C3F418E9DC9000AE9196 /* TEDxCT */ = {
			isa = PBXNativeTarget;
			buildConfigurationList = CFD9C42718E9DC9000AE9196 /* Build configuration list for PBXNativeTarget "TEDxCT" */;
			buildPhases = (
				CFD9C3F118E9DC9000AE9196 /* Sources */,
				CFD9C3F218E9DC9000AE9196 /* Frameworks */,
				CFD9C3F318E9DC9000AE9196 /* Resources */,
			);
			buildRules = (
			);
			dependencies = (
			);
			name = TEDxCT;
			productName = TEDxCT;
			productReference = CFD9C3F518E9DC9000AE9196 /* TEDxCT.app */;
			productType = "com.apple.product-type.application";
		};
		CFD9C41418E9DC9000AE9196 /* TEDxCTTests */ = {
			isa = PBXNativeTarget;
			buildConfigurationList = CFD9C42A18E9DC9000AE9196 /* Build configuration list for PBXNativeTarget "TEDxCTTests" */;
			buildPhases = (
				CFD9C41118E9DC9000AE9196 /* Sources */,
				CFD9C41218E9DC9000AE9196 /* Frameworks */,
				CFD9C41318E9DC9000AE9196 /* Resources */,
			);
			buildRules = (
			);
			dependencies = (
				CFD9C41C18E9DC9000AE9196 /* PBXTargetDependency */,
			);
			name = TEDxCTTests;
			productName = TEDxCTTests;
			productReference = CFD9C41518E9DC9000AE9196 /* TEDxCTTests.xctest */;
			productType = "com.apple.product-type.bundle.unit-test";
		};
/* End PBXNativeTarget section */

/* Begin PBXProject section */
		CFD9C3ED18E9DC9000AE9196 /* Project object */ = {
			isa = PBXProject;
			attributes = {
				CLASSPREFIX = TED;
				LastUpgradeCheck = 0510;
				ORGANIZATIONNAME = TEDxCapeTown;
				TargetAttributes = {
					CFD9C3F418E9DC9000AE9196 = {
						DevelopmentTeam = GUUJ8Y3Q2C;
					};
					CFD9C41418E9DC9000AE9196 = {
						TestTargetID = CFD9C3F418E9DC9000AE9196;
					};
				};
			};
			buildConfigurationList = CFD9C3F018E9DC9000AE9196 /* Build configuration list for PBXProject "TEDxCT" */;
			compatibilityVersion = "Xcode 3.2";
			developmentRegion = English;
			hasScannedForEncodings = 0;
			knownRegions = (
				en,
			);
			mainGroup = CFD9C3EC18E9DC9000AE9196;
			productRefGroup = CFD9C3F618E9DC9000AE9196 /* Products */;
			projectDirPath = "";
			projectRoot = "";
			targets = (
				CFD9C3F418E9DC9000AE9196 /* TEDxCT */,
				CFD9C41418E9DC9000AE9196 /* TEDxCTTests */,
			);
		};
/* End PBXProject section */

/* Begin PBXResourcesBuildPhase section */
		CFD9C3F318E9DC9000AE9196 /* Resources */ = {
			isa = PBXResourcesBuildPhase;
			buildActionMask = 2147483647;
			files = (
				CFD11D1D18FBC9CB00CF016F /* TEDTalkViewController.xib in Resources */,
				CFD11D3D18FBCA5700CF016F /* TEDSponsorsViewController.xib in Resources */,
				CFD11D2918FBCA1800CF016F /* TEDEventInfoViewController.xib in Resources */,
				CFD9C40518E9DC9000AE9196 /* InfoPlist.strings in Resources */,
				CFD11D1B18FBC9C100CF016F /* TEDAgendaTableViewController.xib in Resources */,
				4212D41719003FFC007FC522 /* TEDTalkTableViewCell.xib in Resources */,
				CFD11D3818FBCA4A00CF016F /* TEDSpeakersViewController.xib in Resources */,
				4212D41C1900403F007FC522 /* TEDSpeakersTableViewCell.xib in Resources */,
				42E063501965D83D00CD3C79 /* TEDSpeakerProfileDescriptionTableViewCell.xib in Resources */,
				CFD11D3318FBCA3800CF016F /* TEDSpeakerProfileViewController.xib in Resources */,
				CFD11D2E18FBCA2900CF016F /* TEDMoreInfoViewController.xib in Resources */,
				42E063551965DA2B00CD3C79 /* TEDSpeakerProfileContactDetailTableViewCell.xib in Resources */,
				42769BFE1965D39300A4BCD8 /* TEDSpeakerProfileNameAndPhotoTableViewCell.xib in Resources */,
				CFD9C41018E9DC9000AE9196 /* Images.xcassets in Resources */,
			);
			runOnlyForDeploymentPostprocessing = 0;
		};
		CFD9C41318E9DC9000AE9196 /* Resources */ = {
			isa = PBXResourcesBuildPhase;
			buildActionMask = 2147483647;
			files = (
				CFD9C42218E9DC9000AE9196 /* InfoPlist.strings in Resources */,
			);
			runOnlyForDeploymentPostprocessing = 0;
		};
/* End PBXResourcesBuildPhase section */

/* Begin PBXSourcesBuildPhase section */
		CFD9C3F118E9DC9000AE9196 /* Sources */ = {
			isa = PBXSourcesBuildPhase;
			buildActionMask = 2147483647;
			files = (
				CF75A65319365CEE0089428E /* TEDEventModel.m in Sources */,
				4239DCF51935055100DCB146 /* TEDImageDownloader.m in Sources */,
				CF392ED6192136B60066F0C5 /* TEDContentImporter.m in Sources */,
				4212D40819003737007FC522 /* TEDAgendaDataSource.m in Sources */,
				CFD11D3718FBCA4A00CF016F /* TEDSpeakersViewController.m in Sources */,
				CFAF2759195B5F59009B427C /* TEDSponsorsDataSource.m in Sources */,
				CFD9C40E18E9DC9000AE9196 /* TEDxCT.xcdatamodeld in Sources */,
				CFD11D2D18FBCA2900CF016F /* TEDMoreInfoViewController.m in Sources */,
				CF75A64A193652E00089428E /* TEDEvent+Additions.m in Sources */,
				CFE84D6018EC854000FA9B38 /* TEDTabBarController.m in Sources */,
				420C2BA5192A962400B344F2 /* TEDSpeaker.m in Sources */,
				CFD9C40B18E9DC9000AE9196 /* TEDAppDelegate.m in Sources */,
				42769BFD1965D39300A4BCD8 /* TEDSpeakerProfileNameAndPhotoTableViewCell.m in Sources */,
				4212D41B1900403F007FC522 /* TEDSpeakersTableViewCell.m in Sources */,
				CFCD9A02192AA383001E8B04 /* TEDTalk+Additions.m in Sources */,
				CF686364193507F2003260DF /* TEDConstants.m in Sources */,
				4212D40B1900374A007FC522 /* TEDSpeakersDataSource.m in Sources */,
				CFAF2755195B5E10009B427C /* TEDSponsor+Additions.m in Sources */,
				42E063541965DA2B00CD3C79 /* TEDSpeakerProfileContactDetailTableViewCell.m in Sources */,
				42B7511018EC99B90058CB90 /* TEDAgendaTableViewController.m in Sources */,
				4212D410190038BF007FC522 /* TEDCoreDataManager.m in Sources */,
				420C2BA8192A962500B344F2 /* TEDEvent.m in Sources */,
				CFD11D3218FBCA3800CF016F /* TEDSpeakerProfileViewController.m in Sources */,
				CFD9C40718E9DC9000AE9196 /* main.m in Sources */,
				42B7511118EC99B90058CB90 /* TEDTalkViewController.m in Sources */,
				4239DCF21935039300DCB146 /* TEDTalk.m in Sources */,
				CF67D6EC1932A928008FF4BD /* TEDSession+Additions.m in Sources */,
				CFAF2752195B5DED009B427C /* TEDSponsor.m in Sources */,
				4212D41619003FFC007FC522 /* TEDTalkTableViewCell.m in Sources */,
				420C2B9F192A728000B344F2 /* TEDStorageService.m in Sources */,
				CF392EF619217B590066F0C5 /* TEDSpeaker+Additions.m in Sources */,
				42C97D3219098F1D009C6BA9 /* TEDSession.m in Sources */,
				CFD11D2818FBCA1800CF016F /* TEDEventInfoViewController.m in Sources */,
				CFD11D3C18FBCA5700CF016F /* TEDSponsorsViewController.m in Sources */,
				42E0634F1965D83D00CD3C79 /* TEDSpeakerProfileDescriptionTableViewCell.m in Sources */,
				CF392EDC192140A90066F0C5 /* TEDApplicationConfiguration.m in Sources */,
				42769BF91965C02600A4BCD8 /* TEDSpeakerProfileDataSource.m in Sources */,
			);
			runOnlyForDeploymentPostprocessing = 0;
		};
		CFD9C41118E9DC9000AE9196 /* Sources */ = {
			isa = PBXSourcesBuildPhase;
			buildActionMask = 2147483647;
			files = (
				CFD9C42418E9DC9000AE9196 /* TEDxCTTests.m in Sources */,
				42C97D43190A3A06009C6BA9 /* TEDSpeakerTests.m in Sources */,
				420C2BA1192A780500B344F2 /* TEDStorageServiceTests.m in Sources */,
				CF392ED91921377F0066F0C5 /* TEDContentImporterTests.m in Sources */,
				42C97D3B1909910E009C6BA9 /* TEDEventTests.m in Sources */,
				42C97D3E19099140009C6BA9 /* TEDCoreDataTestsHelper.m in Sources */,
				CFC5DAFB190053D4005DFC50 /* TEDCoreDataMocker.m in Sources */,
			);
			runOnlyForDeploymentPostprocessing = 0;
		};
/* End PBXSourcesBuildPhase section */

/* Begin PBXTargetDependency section */
		CFD9C41C18E9DC9000AE9196 /* PBXTargetDependency */ = {
			isa = PBXTargetDependency;
			target = CFD9C3F418E9DC9000AE9196 /* TEDxCT */;
			targetProxy = CFD9C41B18E9DC9000AE9196 /* PBXContainerItemProxy */;
		};
/* End PBXTargetDependency section */

/* Begin PBXVariantGroup section */
		CFD9C40318E9DC9000AE9196 /* InfoPlist.strings */ = {
			isa = PBXVariantGroup;
			children = (
				CFD9C40418E9DC9000AE9196 /* en */,
			);
			name = InfoPlist.strings;
			sourceTree = "<group>";
		};
		CFD9C42018E9DC9000AE9196 /* InfoPlist.strings */ = {
			isa = PBXVariantGroup;
			children = (
				CFD9C42118E9DC9000AE9196 /* en */,
			);
			name = InfoPlist.strings;
			sourceTree = "<group>";
		};
/* End PBXVariantGroup section */

/* Begin XCBuildConfiguration section */
		CFD9C42518E9DC9000AE9196 /* Debug */ = {
			isa = XCBuildConfiguration;
			buildSettings = {
				ALWAYS_SEARCH_USER_PATHS = NO;
				CLANG_CXX_LANGUAGE_STANDARD = "gnu++0x";
				CLANG_CXX_LIBRARY = "libc++";
				CLANG_ENABLE_MODULES = YES;
				CLANG_ENABLE_OBJC_ARC = YES;
				CLANG_WARN_BOOL_CONVERSION = YES;
				CLANG_WARN_CONSTANT_CONVERSION = YES;
				CLANG_WARN_DIRECT_OBJC_ISA_USAGE = YES_ERROR;
				CLANG_WARN_EMPTY_BODY = YES;
				CLANG_WARN_ENUM_CONVERSION = YES;
				CLANG_WARN_INT_CONVERSION = YES;
				CLANG_WARN_OBJC_ROOT_CLASS = YES_ERROR;
				CLANG_WARN__DUPLICATE_METHOD_MATCH = YES;
				CODE_SIGN_IDENTITY = "iPhone Developer";
				"CODE_SIGN_IDENTITY[sdk=iphoneos*]" = "iPhone Developer";
				COPY_PHASE_STRIP = NO;
				GCC_C_LANGUAGE_STANDARD = gnu99;
				GCC_DYNAMIC_NO_PIC = NO;
				GCC_OPTIMIZATION_LEVEL = 0;
				GCC_PREPROCESSOR_DEFINITIONS = (
					"DEBUG=1",
					"$(inherited)",
				);
				GCC_SYMBOLS_PRIVATE_EXTERN = NO;
				GCC_TREAT_WARNINGS_AS_ERRORS = YES;
				GCC_WARN_64_TO_32_BIT_CONVERSION = YES;
				GCC_WARN_ABOUT_RETURN_TYPE = YES_ERROR;
				GCC_WARN_UNDECLARED_SELECTOR = YES;
				GCC_WARN_UNINITIALIZED_AUTOS = YES;
				GCC_WARN_UNUSED_FUNCTION = YES;
				GCC_WARN_UNUSED_VARIABLE = YES;
				IPHONEOS_DEPLOYMENT_TARGET = 7.0;
				ONLY_ACTIVE_ARCH = YES;
				SDKROOT = iphoneos;
			};
			name = Debug;
		};
		CFD9C42618E9DC9000AE9196 /* Release */ = {
			isa = XCBuildConfiguration;
			buildSettings = {
				ALWAYS_SEARCH_USER_PATHS = NO;
				CLANG_CXX_LANGUAGE_STANDARD = "gnu++0x";
				CLANG_CXX_LIBRARY = "libc++";
				CLANG_ENABLE_MODULES = YES;
				CLANG_ENABLE_OBJC_ARC = YES;
				CLANG_WARN_BOOL_CONVERSION = YES;
				CLANG_WARN_CONSTANT_CONVERSION = YES;
				CLANG_WARN_DIRECT_OBJC_ISA_USAGE = YES_ERROR;
				CLANG_WARN_EMPTY_BODY = YES;
				CLANG_WARN_ENUM_CONVERSION = YES;
				CLANG_WARN_INT_CONVERSION = YES;
				CLANG_WARN_OBJC_ROOT_CLASS = YES_ERROR;
				CLANG_WARN__DUPLICATE_METHOD_MATCH = YES;
				CODE_SIGN_IDENTITY = "iPhone Developer";
				"CODE_SIGN_IDENTITY[sdk=iphoneos*]" = "iPhone Developer";
				COPY_PHASE_STRIP = YES;
				ENABLE_NS_ASSERTIONS = NO;
				GCC_C_LANGUAGE_STANDARD = gnu99;
				GCC_TREAT_WARNINGS_AS_ERRORS = YES;
				GCC_WARN_64_TO_32_BIT_CONVERSION = YES;
				GCC_WARN_ABOUT_RETURN_TYPE = YES_ERROR;
				GCC_WARN_UNDECLARED_SELECTOR = YES;
				GCC_WARN_UNINITIALIZED_AUTOS = YES;
				GCC_WARN_UNUSED_FUNCTION = YES;
				GCC_WARN_UNUSED_VARIABLE = YES;
				IPHONEOS_DEPLOYMENT_TARGET = 7.0;
				SDKROOT = iphoneos;
				VALIDATE_PRODUCT = YES;
			};
			name = Release;
		};
		CFD9C42818E9DC9000AE9196 /* Debug */ = {
			isa = XCBuildConfiguration;
			buildSettings = {
				ASSETCATALOG_COMPILER_APPICON_NAME = AppIcon;
				ASSETCATALOG_COMPILER_LAUNCHIMAGE_NAME = LaunchImage;
				CODE_SIGN_IDENTITY = "iPhone Developer";
				"CODE_SIGN_IDENTITY[sdk=iphoneos*]" = "iPhone Developer";
				GCC_PRECOMPILE_PREFIX_HEADER = YES;
				GCC_PREFIX_HEADER = "TEDxCT/TEDxCT-Prefix.pch";
				INFOPLIST_FILE = "TEDxCT/TEDxCT-Info.plist";
				PRODUCT_NAME = "$(TARGET_NAME)";
				PROVISIONING_PROFILE = "BD174B43-3A95-488D-BA38-1E3A061D10F7";
				WRAPPER_EXTENSION = app;
			};
			name = Debug;
		};
		CFD9C42918E9DC9000AE9196 /* Release */ = {
			isa = XCBuildConfiguration;
			buildSettings = {
				ASSETCATALOG_COMPILER_APPICON_NAME = AppIcon;
				ASSETCATALOG_COMPILER_LAUNCHIMAGE_NAME = LaunchImage;
				CODE_SIGN_IDENTITY = "iPhone Developer";
				"CODE_SIGN_IDENTITY[sdk=iphoneos*]" = "iPhone Developer";
				GCC_PRECOMPILE_PREFIX_HEADER = YES;
				GCC_PREFIX_HEADER = "TEDxCT/TEDxCT-Prefix.pch";
				INFOPLIST_FILE = "TEDxCT/TEDxCT-Info.plist";
				PRODUCT_NAME = "$(TARGET_NAME)";
				PROVISIONING_PROFILE = "BD174B43-3A95-488D-BA38-1E3A061D10F7";
				WRAPPER_EXTENSION = app;
			};
			name = Release;
		};
		CFD9C42B18E9DC9000AE9196 /* Debug */ = {
			isa = XCBuildConfiguration;
			buildSettings = {
				BUNDLE_LOADER = "$(BUILT_PRODUCTS_DIR)/TEDxCT.app/TEDxCT";
				FRAMEWORK_SEARCH_PATHS = (
					"$(SDKROOT)/Developer/Library/Frameworks",
					"$(inherited)",
					"$(DEVELOPER_FRAMEWORKS_DIR)",
				);
				GCC_PRECOMPILE_PREFIX_HEADER = YES;
				GCC_PREFIX_HEADER = "TEDxCT/TEDxCT-Prefix.pch";
				GCC_PREPROCESSOR_DEFINITIONS = (
					"DEBUG=1",
					"$(inherited)",
				);
				INFOPLIST_FILE = "TEDxCTTests/TEDxCTTests-Info.plist";
				PRODUCT_NAME = "$(TARGET_NAME)";
				TEST_HOST = "$(BUNDLE_LOADER)";
				WRAPPER_EXTENSION = xctest;
			};
			name = Debug;
		};
		CFD9C42C18E9DC9000AE9196 /* Release */ = {
			isa = XCBuildConfiguration;
			buildSettings = {
				BUNDLE_LOADER = "$(BUILT_PRODUCTS_DIR)/TEDxCT.app/TEDxCT";
				FRAMEWORK_SEARCH_PATHS = (
					"$(SDKROOT)/Developer/Library/Frameworks",
					"$(inherited)",
					"$(DEVELOPER_FRAMEWORKS_DIR)",
				);
				GCC_PRECOMPILE_PREFIX_HEADER = YES;
				GCC_PREFIX_HEADER = "TEDxCT/TEDxCT-Prefix.pch";
				INFOPLIST_FILE = "TEDxCTTests/TEDxCTTests-Info.plist";
				PRODUCT_NAME = "$(TARGET_NAME)";
				TEST_HOST = "$(BUNDLE_LOADER)";
				WRAPPER_EXTENSION = xctest;
			};
			name = Release;
		};
/* End XCBuildConfiguration section */

/* Begin XCConfigurationList section */
		CFD9C3F018E9DC9000AE9196 /* Build configuration list for PBXProject "TEDxCT" */ = {
			isa = XCConfigurationList;
			buildConfigurations = (
				CFD9C42518E9DC9000AE9196 /* Debug */,
				CFD9C42618E9DC9000AE9196 /* Release */,
			);
			defaultConfigurationIsVisible = 0;
			defaultConfigurationName = Release;
		};
		CFD9C42718E9DC9000AE9196 /* Build configuration list for PBXNativeTarget "TEDxCT" */ = {
			isa = XCConfigurationList;
			buildConfigurations = (
				CFD9C42818E9DC9000AE9196 /* Debug */,
				CFD9C42918E9DC9000AE9196 /* Release */,
			);
			defaultConfigurationIsVisible = 0;
			defaultConfigurationName = Release;
		};
		CFD9C42A18E9DC9000AE9196 /* Build configuration list for PBXNativeTarget "TEDxCTTests" */ = {
			isa = XCConfigurationList;
			buildConfigurations = (
				CFD9C42B18E9DC9000AE9196 /* Debug */,
				CFD9C42C18E9DC9000AE9196 /* Release */,
			);
			defaultConfigurationIsVisible = 0;
			defaultConfigurationName = Release;
		};
/* End XCConfigurationList section */

/* Begin XCVersionGroup section */
		CFD9C40C18E9DC9000AE9196 /* TEDxCT.xcdatamodeld */ = {
			isa = XCVersionGroup;
			children = (
				CFD9C40D18E9DC9000AE9196 /* TEDxCT.xcdatamodel */,
			);
			currentVersion = CFD9C40D18E9DC9000AE9196 /* TEDxCT.xcdatamodel */;
			path = TEDxCT.xcdatamodeld;
			sourceTree = "<group>";
			versionGroupType = wrapper.xcdatamodel;
		};
/* End XCVersionGroup section */
	};
	rootObject = CFD9C3ED18E9DC9000AE9196 /* Project object */;
}
